# THIS IS AN AUTOGENERATED FILE. DO NOT EDIT THIS FILE DIRECTLY.
# yarn lockfile v1


"@delbio/automata@^1.1.1":
  version "1.1.1"
  resolved "https://registry.yarnpkg.com/@delbio/automata/-/automata-1.1.1.tgz#071936533e3be9d4926b65e4b1b3063b423c18f7"

"@types/events@*":
  version "1.1.0"
  resolved "https://registry.yarnpkg.com/@types/events/-/events-1.1.0.tgz#93b1be91f63c184450385272c47b6496fd028e02"

"@types/node@^8.0.54":
  version "8.0.54"
  resolved "https://registry.yarnpkg.com/@types/node/-/node-8.0.54.tgz#3fd9357db4af388b79e03845340259440edffde6"
  dependencies:
    "@types/events" "*"

commander@^2.12.2:
  version "2.12.2"
  resolved "https://registry.yarnpkg.com/commander/-/commander-2.12.2.tgz#0f5946c427ed9ec0d91a46bb9def53e54650e555"
