{
  "name": "node",
  "lockfileVersion": 3,
  "requires": true,
  "packages": {
    "": {
      "dependencies": {
        "@delbio/automata": "^2.0.1"
      }
    },
    "node_modules/@delbio/automata": {
      "version": "2.0.1",
      "resolved": "https://registry.npmjs.org/@delbio/automata/-/automata-2.0.1.tgz",
      "integrity": "sha512-UUGiTD+TEA/MAutUFklR+yLLa+2OsLWTZOsp8ziMnrnScfT8FmClxBGm7bntasO/MOaoOn/LLkGrD0FJit0s/Q==",
      "license": "MIT"
    }
  }
}
